
Microsoft Visual Studio Solution File, Format Version 12.00
# Visual Studio 15
VisualStudioVersion = 15.0.28307.421
MinimumVisualStudioVersion = 10.0.40219.1
Project("{FAE04EC0-301F-11D3-BF4B-00C04F79EFBC}") = "Excercise_1", "ex1Working\Excercise_1.csproj", "{C460EDA9-28E9-47DE-88D5-77F845AF864E}"
EndProject
Global
	GlobalSection(SolutionConfigurationPlatforms) = preSolution
		Debug|Any CPU = Debug|Any CPU
		Release|Any CPU = Release|Any CPU
	EndGlobalSection
	GlobalSection(ProjectConfigurationPlatforms) = postSolution
		{C460EDA9-28E9-47DE-88D5-77F845AF864E}.Debug|Any CPU.ActiveCfg = Debug|Any CPU
		{C460EDA9-28E9-47DE-88D5-77F845AF864E}.Debug|Any CPU.Build.0 = Debug|Any CPU
		{C460EDA9-28E9-47DE-88D5-77F845AF864E}.Release|Any CPU.ActiveCfg = Release|Any CPU
		{C460EDA9-28E9-47DE-88D5-77F845AF864E}.Release|Any CPU.Build.0 = Release|Any CPU
	EndGlobalSection
	GlobalSection(SolutionProperties) = preSolution
		HideSolutionNode = FALSE
	EndGlobalSection
	GlobalSection(ExtensibilityGlobals) = postSolution
		SolutionGuid = {1FD4D60D-74D5-4285-BCF6-5F701E23DCD6}
	EndGlobalSection
EndGlobal
